
Microsoft Visual Studio Solution File, Format Version 12.00
# Visual Studio Version 17
VisualStudioVersion = 17.10.35013.160
MinimumVisualStudioVersion = 10.0.40219.1
Project("{FAE04EC0-301F-11D3-BF4B-00C04F79EFBC}") = "OOPInheritance", "OOPInheritance.csproj", "{FA52C732-BB8E-4149-AB86-B44559649DDB}"
EndProject
Project("{FAE04EC0-301F-11D3-BF4B-00C04F79EFBC}") = "OOPInheritance2", "..\OOPInheritance2\OOPInheritance2.csproj", "{82B9707B-6871-42E8-A77A-7049C20DB988}"
EndProject
Project("{FAE04EC0-301F-11D3-BF4B-00C04F79EFBC}") = "OOPInheritance03", "..\OOPInheritance03\OOPInheritance03.csproj", "{90A0E9D6-4CA6-4E09-9EAE-81084B4BBE49}"
EndProject
Global
	GlobalSection(SolutionConfigurationPlatforms) = preSolution
		Debug|Any CPU = Debug|Any CPU
		Release|Any CPU = Release|Any CPU
	EndGlobalSection
	GlobalSection(ProjectConfigurationPlatforms) = postSolution
		{FA52C732-BB8E-4149-AB86-B44559649DDB}.Debug|Any CPU.ActiveCfg = Debug|Any CPU
		{FA52C732-BB8E-4149-AB86-B44559649DDB}.Debug|Any CPU.Build.0 = Debug|Any CPU
		{FA52C732-BB8E-4149-AB86-B44559649DDB}.Release|Any CPU.ActiveCfg = Release|Any CPU
		{FA52C732-BB8E-4149-AB86-B44559649DDB}.Release|Any CPU.Build.0 = Release|Any CPU
		{82B9707B-6871-42E8-A77A-7049C20DB988}.Debug|Any CPU.ActiveCfg = Debug|Any CPU
		{82B9707B-6871-42E8-A77A-7049C20DB988}.Debug|Any CPU.Build.0 = Debug|Any CPU
		{82B9707B-6871-42E8-A77A-7049C20DB988}.Release|Any CPU.ActiveCfg = Release|Any CPU
		{82B9707B-6871-42E8-A77A-7049C20DB988}.Release|Any CPU.Build.0 = Release|Any CPU
		{90A0E9D6-4CA6-4E09-9EAE-81084B4BBE49}.Debug|Any CPU.ActiveCfg = Debug|Any CPU
		{90A0E9D6-4CA6-4E09-9EAE-81084B4BBE49}.Debug|Any CPU.Build.0 = Debug|Any CPU
		{90A0E9D6-4CA6-4E09-9EAE-81084B4BBE49}.Release|Any CPU.ActiveCfg = Release|Any CPU
		{90A0E9D6-4CA6-4E09-9EAE-81084B4BBE49}.Release|Any CPU.Build.0 = Release|Any CPU
	EndGlobalSection
	GlobalSection(SolutionProperties) = preSolution
		HideSolutionNode = FALSE
	EndGlobalSection
	GlobalSection(ExtensibilityGlobals) = postSolution
		SolutionGuid = {6B6F10BA-7970-4D97-B367-09615960020F}
	EndGlobalSection
EndGlobal
