
Microsoft Visual Studio Solution File, Format Version 12.00
# Visual Studio Version 17
VisualStudioVersion = 17.10.35013.160
MinimumVisualStudioVersion = 10.0.40219.1
Project("{FAE04EC0-301F-11D3-BF4B-00C04F79EFBC}") = "OOP02", "OOP02.csproj", "{02FE8588-FD37-4315-A7DF-1BB11345ADA2}"
EndProject
Global
	GlobalSection(SolutionConfigurationPlatforms) = preSolution
		Debug|Any CPU = Debug|Any CPU
		Release|Any CPU = Release|Any CPU
	EndGlobalSection
	GlobalSection(ProjectConfigurationPlatforms) = postSolution
		{02FE8588-FD37-4315-A7DF-1BB11345ADA2}.Debug|Any CPU.ActiveCfg = Debug|Any CPU
		{02FE8588-FD37-4315-A7DF-1BB11345ADA2}.Debug|Any CPU.Build.0 = Debug|Any CPU
		{02FE8588-FD37-4315-A7DF-1BB11345ADA2}.Release|Any CPU.ActiveCfg = Release|Any CPU
		{02FE8588-FD37-4315-A7DF-1BB11345ADA2}.Release|Any CPU.Build.0 = Release|Any CPU
	EndGlobalSection
	GlobalSection(SolutionProperties) = preSolution
		HideSolutionNode = FALSE
	EndGlobalSection
	GlobalSection(ExtensibilityGlobals) = postSolution
		SolutionGuid = {7CF2BAFD-41B6-468D-8A06-44BF72EB5519}
	EndGlobalSection
EndGlobal
